
Microsoft Visual Studio Solution File, Format Version 12.00
# Visual Studio Version 17
VisualStudioVersion = 17.7.34024.191
MinimumVisualStudioVersion = 10.0.40219.1
Project("{FAE04EC0-301F-11D3-BF4B-00C04F79EFBC}") = "Server", "Laba_2\Server.csproj", "{E76F509C-C973-4910-BAC8-85D39D166309}"
EndProject
Project("{FAE04EC0-301F-11D3-BF4B-00C04F79EFBC}") = "WPF", "WPF\WPF.csproj", "{3492CAE6-882F-4F8C-B604-825446BD0B7A}"
EndProject
Global
	GlobalSection(SolutionConfigurationPlatforms) = preSolution
		Debug|Any CPU = Debug|Any CPU
		Release|Any CPU = Release|Any CPU
	EndGlobalSection
	GlobalSection(ProjectConfigurationPlatforms) = postSolution
		{E76F509C-C973-4910-BAC8-85D39D166309}.Debug|Any CPU.ActiveCfg = Debug|Any CPU
		{E76F509C-C973-4910-BAC8-85D39D166309}.Debug|Any CPU.Build.0 = Debug|Any CPU
		{E76F509C-C973-4910-BAC8-85D39D166309}.Release|Any CPU.ActiveCfg = Release|Any CPU
		{E76F509C-C973-4910-BAC8-85D39D166309}.Release|Any CPU.Build.0 = Release|Any CPU
		{3492CAE6-882F-4F8C-B604-825446BD0B7A}.Debug|Any CPU.ActiveCfg = Debug|Any CPU
		{3492CAE6-882F-4F8C-B604-825446BD0B7A}.Debug|Any CPU.Build.0 = Debug|Any CPU
		{3492CAE6-882F-4F8C-B604-825446BD0B7A}.Release|Any CPU.ActiveCfg = Release|Any CPU
		{3492CAE6-882F-4F8C-B604-825446BD0B7A}.Release|Any CPU.Build.0 = Release|Any CPU
	EndGlobalSection
	GlobalSection(SolutionProperties) = preSolution
		HideSolutionNode = FALSE
	EndGlobalSection
	GlobalSection(ExtensibilityGlobals) = postSolution
		SolutionGuid = {14533108-4B6A-4548-9408-DA812E6355D4}
	EndGlobalSection
EndGlobal
